
Microsoft Visual Studio Solution File, Format Version 12.00
# Visual Studio Version 17
VisualStudioVersion = 17.7.34003.232
MinimumVisualStudioVersion = 10.0.40219.1
Project("{FAE04EC0-301F-11D3-BF4B-00C04F79EFBC}") = "LojaDeGames", "LojaDeGames.csproj", "{B957CE0B-C277-4D47-AC15-4A70557A6098}"
EndProject
Global
	GlobalSection(SolutionConfigurationPlatforms) = preSolution
		Debug|Any CPU = Debug|Any CPU
		Release|Any CPU = Release|Any CPU
	EndGlobalSection
	GlobalSection(ProjectConfigurationPlatforms) = postSolution
		{B957CE0B-C277-4D47-AC15-4A70557A6098}.Debug|Any CPU.ActiveCfg = Debug|Any CPU
		{B957CE0B-C277-4D47-AC15-4A70557A6098}.Debug|Any CPU.Build.0 = Debug|Any CPU
		{B957CE0B-C277-4D47-AC15-4A70557A6098}.Release|Any CPU.ActiveCfg = Release|Any CPU
		{B957CE0B-C277-4D47-AC15-4A70557A6098}.Release|Any CPU.Build.0 = Release|Any CPU
	EndGlobalSection
	GlobalSection(SolutionProperties) = preSolution
		HideSolutionNode = FALSE
	EndGlobalSection
	GlobalSection(ExtensibilityGlobals) = postSolution
		SolutionGuid = {32A8584E-0B64-409C-AE40-24B25C679EA2}
	EndGlobalSection
EndGlobal
